
Microsoft Visual Studio Solution File, Format Version 12.00
# Visual Studio Version 16
VisualStudioVersion = 16.0.29728.190
MinimumVisualStudioVersion = 10.0.40219.1
Project("{FAE04EC0-301F-11D3-BF4B-00C04F79EFBC}") = "NetCorePracticeRazor", "NetCorePracticeRazor\NetCorePracticeRazor.csproj", "{D965386A-B413-4623-BFD2-D8726A5F07D4}"
EndProject
Global
	GlobalSection(SolutionConfigurationPlatforms) = preSolution
		Debug|Any CPU = Debug|Any CPU
		Release|Any CPU = Release|Any CPU
	EndGlobalSection
	GlobalSection(ProjectConfigurationPlatforms) = postSolution
		{D965386A-B413-4623-BFD2-D8726A5F07D4}.Debug|Any CPU.ActiveCfg = Debug|Any CPU
		{D965386A-B413-4623-BFD2-D8726A5F07D4}.Debug|Any CPU.Build.0 = Debug|Any CPU
		{D965386A-B413-4623-BFD2-D8726A5F07D4}.Release|Any CPU.ActiveCfg = Release|Any CPU
		{D965386A-B413-4623-BFD2-D8726A5F07D4}.Release|Any CPU.Build.0 = Release|Any CPU
	EndGlobalSection
	GlobalSection(SolutionProperties) = preSolution
		HideSolutionNode = FALSE
	EndGlobalSection
	GlobalSection(ExtensibilityGlobals) = postSolution
		SolutionGuid = {D463DD0A-7715-401B-A462-1AA1E491B32C}
	EndGlobalSection
EndGlobal
